// !$*UTF8*$!
{
	archiveVersion = 1;
	classes = {
	};
	objectVersion = 56;
	objects = {

/* Begin PBXBuildFile section */
		F10A1B2F2C8B3E4F00123456 /* SmartMockupCreatorApp.swift in Sources */ = {isa = PBXBuildFile; fileRef = F10A1B2E2C8B3E4F00123456 /* SmartMockupCreatorApp.swift */; };
		F10A1B312C8B3E4F00123456 /* ContentView.swift in Sources */ = {isa = PBXBuildFile; fileRef = F10A1B302C8B3E4F00123456 /* ContentView.swift */; };
		F10A1B332C8B3E5100123456 /* Assets.xcassets in Resources */ = {isa = PBXBuildFile; fileRef = F10A1B322C8B3E5100123456 /* Assets.xcassets */; };
		F10A1B362C8B3E5100123456 /* Preview Assets.xcassets in Resources */ = {isa = PBXBuildFile; fileRef = F10A1B352C8B3E5100123456 /* Preview Assets.xcassets */; };
		F10A1B3E2C8B3E8F00123456 /* MockupGeneratorView.swift in Sources */ = {isa = PBXBuildFile; fileRef = F10A1B3D2C8B3E8F00123456 /* MockupGeneratorView.swift */; };
		F10A1B402C8B3EA000123456 /* SmartObjectRenamerView.swift in Sources */ = {isa = PBXBuildFile; fileRef = F10A1B3F2C8B3EA000123456 /* SmartObjectRenamerView.swift */; };
		F10A1B422C8B3EB100123456 /* FolderPicker.swift in Sources */ = {isa = PBXBuildFile; fileRef = F10A1B412C8B3EB100123456 /* FolderPicker.swift */; };
		F10A1B432C8B3EC200123456 /* ValidationService.swift in Sources */ = {isa = PBXBuildFile; fileRef = F10A1B432C8B3EC200123456 /* ValidationService.swift */; };
/* End PBXBuildFile section */

/* Begin PBXFileReference section */
		F10A1B2B2C8B3E4F00123456 /* SmartMockupCreator.app */ = {isa = PBXFileReference; explicitFileType = wrapper.application; includeInIndex = 0; path = SmartMockupCreator.app; sourceTree = BUILT_PRODUCTS_DIR; };
		F10A1B2E2C8B3E4F00123456 /* SmartMockupCreatorApp.swift */ = {isa = PBXFileReference; lastKnownFileType = sourcecode.swift; path = SmartMockupCreatorApp.swift; sourceTree = "<group>"; };
		F10A1B302C8B3E4F00123456 /* ContentView.swift */ = {isa = PBXFileReference; lastKnownFileType = sourcecode.swift; path = ContentView.swift; sourceTree = "<group>"; };
		F10A1B322C8B3E5100123456 /* Assets.xcassets */ = {isa = PBXFileReference; lastKnownFileType = folder.assetcatalog; path = Assets.xcassets; sourceTree = "<group>"; };
		F10A1B352C8B3E5100123456 /* Preview Assets.xcassets */ = {isa = PBXFileReference; lastKnownFileType = folder.assetcatalog; path = "Preview Assets.xcassets"; sourceTree = "<group>"; };
		F10A1B372C8B3E5100123456 /* SmartMockupCreator.entitlements */ = {isa = PBXFileReference; lastKnownFileType = text.plist.entitlements; path = SmartMockupCreator.entitlements; sourceTree = "<group>"; };
		F10A1B3D2C8B3E8F00123456 /* MockupGeneratorView.swift */ = {isa = PBXFileReference; lastKnownFileType = sourcecode.swift; path = MockupGeneratorView.swift; sourceTree = "<group>"; };
		F10A1B3F2C8B3EA000123456 /* SmartObjectRenamerView.swift */ = {isa = PBXFileReference; lastKnownFileType = sourcecode.swift; path = SmartObjectRenamerView.swift; sourceTree = "<group>"; };
		F10A1B412C8B3EB100123456 /* FolderPicker.swift */ = {isa = PBXFileReference; lastKnownFileType = sourcecode.swift; path = FolderPicker.swift; sourceTree = "<group>"; };
		F10A1B432C8B3EC200123456 /* ValidationService.swift */ = {isa = PBXFileReference; lastKnownFileType = sourcecode.swift; path = ValidationService.swift; sourceTree = "<group>"; };
/* End PBXFileReference section */

/* Begin PBXFrameworksBuildPhase section */
		F10A1B282C8B3E4F00123456 /* Frameworks */ = {
			isa = PBXFrameworksBuildPhase;
			buildActionMask = 2147483647;
			files = (
			);
			runOnlyForDeploymentPostprocessing = 0;
		};
/* End PBXFrameworksBuildPhase section */

/* Begin PBXGroup section */
		F10A1B222C8B3E4F00123456 = {
			isa = PBXGroup;
			children = (
				F10A1B2D2C8B3E4F00123456 /* SmartMockupCreator */,
				F10A1B2C2C8B3E4F00123456 /* Products */,
			);
			sourceTree = "<group>";
		};
		F10A1B2C2C8B3E4F00123456 /* Products */ = {
			isa = PBXGroup;
			children = (
				F10A1B2B2C8B3E4F00123456 /* SmartMockupCreator.app */,
			);
			name = Products;
			sourceTree = "<group>";
		};
		F10A1B2D2C8B3E4F00123456 /* SmartMockupCreator */ = {
			isa = PBXGroup;
			children = (
				F10A1B2E2C8B3E4F00123456 /* SmartMockupCreatorApp.swift */,
				F10A1B302C8B3E4F00123456 /* ContentView.swift */,
				F10A1B3D2C8B3E8F00123456 /* MockupGeneratorView.swift */,
				F10A1B3F2C8B3EA000123456 /* SmartObjectRenamerView.swift */,
				F10A1B412C8B3EB100123456 /* FolderPicker.swift */,
				F10A1B432C8B3EC200123456 /* ValidationService.swift */,
				F10A1B322C8B3E5100123456 /* Assets.xcassets */,
				F10A1B372C8B3E5100123456 /* SmartMockupCreator.entitlements */,
				F10A1B342C8B3E5100123456 /* Preview Content */,
			);
			path = SmartMockupCreator;
			sourceTree = "<group>";
		};
		F10A1B342C8B3E5100123456 /* Preview Content */ = {
			isa = PBXGroup;
			children = (
				F10A1B352C8B3E5100123456 /* Preview Assets.xcassets */,
			);
			path = "Preview Content";
			sourceTree = "<group>";
		};
/* End PBXGroup section */

/* Begin PBXNativeTarget section */
		F10A1B2A2C8B3E4F00123456 /* SmartMockupCreator */ = {
			isa = PBXNativeTarget;
			buildConfigurationList = F10A1B3A2C8B3E5100123456 /* Build configuration list for PBXNativeTarget "SmartMockupCreator" */;
			buildPhases = (
				F10A1B272C8B3E4F00123456 /* Sources */,
				F10A1B282C8B3E4F00123456 /* Frameworks */,
				F10A1B292C8B3E4F00123456 /* Resources */,
			);
			buildRules = (
			);
			dependencies = (
			);
			name = SmartMockupCreator;
			productName = SmartMockupCreator;
			productReference = F10A1B2B2C8B3E4F00123456 /* SmartMockupCreator.app */;
			productType = "com.apple.product-type.application";
		};
/* End PBXNativeTarget section */

/* Begin PBXProject section */
		F10A1B232C8B3E4F00123456 /* Project object */ = {
			isa = PBXProject;
			attributes = {
				BuildIndependentTargetsInParallel = 1;
				LastSwiftUpdateCheck = 1500;
				LastUpgradeCheck = 1500;
				TargetAttributes = {
					F10A1B2A2C8B3E4F00123456 = {
						CreatedOnToolsVersion = 15.0;
					};
				};
			};
			buildConfigurationList = F10A1B262C8B3E4F00123456 /* Build configuration list for PBXProject "SmartMockupCreator" */;
			compatibilityVersion = "Xcode 14.0";
			developmentRegion = en;
			hasScannedForEncodings = 0;
			knownRegions = (
				en,
				Base,
			);
			mainGroup = F10A1B222C8B3E4F00123456;
			productRefGroup = F10A1B2C2C8B3E4F00123456 /* Products */;
			projectDirPath = "";
			projectRoot = "";
			targets = (
				F10A1B2A2C8B3E4F00123456 /* SmartMockupCreator */,
			);
		};
/* End PBXProject section */

/* Begin PBXResourcesBuildPhase section */
		F10A1B292C8B3E4F00123456 /* Resources */ = {
			isa = PBXResourcesBuildPhase;
			buildActionMask = 2147483647;
			files = (
				F10A1B362C8B3E5100123456 /* Preview Assets.xcassets in Resources */,
				F10A1B332C8B3E5100123456 /* Assets.xcassets in Resources */,
			);
			runOnlyForDeploymentPostprocessing = 0;
		};
/* End PBXResourcesBuildPhase section */

/* Begin PBXSourcesBuildPhase section */
		F10A1B272C8B3E4F00123456 /* Sources */ = {
			isa = PBXSourcesBuildPhase;
			buildActionMask = 2147483647;
			files = (
				F10A1B312C8B3E4F00123456 /* ContentView.swift in Sources */,
				F10A1B3E2C8B3E8F00123456 /* MockupGeneratorView.swift in Sources */,
				F10A1B402C8B3EA000123456 /* SmartObjectRenamerView.swift in Sources */,
				F10A1B422C8B3EB100123456 /* FolderPicker.swift in Sources */,
				F10A1B432C8B3EC200123456 /* ValidationService.swift in Sources */,
				F10A1B2F2C8B3E4F00123456 /* SmartMockupCreatorApp.swift in Sources */,
			);
			runOnlyForDeploymentPostprocessing = 0;
		};
/* End PBXSourcesBuildPhase section */

/* Begin XCBuildConfiguration section */
		F10A1B382C8B3E5100123456 /* Debug */ = {
			isa = XCBuildConfiguration;
			buildSettings = {
				ALWAYS_SEARCH_USER_PATHS = NO;
				ASSETCATALOG_COMPILER_GENERATE_SWIFT_ASSET_SYMBOL_EXTENSIONS = YES;
				CLANG_ANALYZER_NONNULL = YES;
				CLANG_ANALYZER_NUMBER_OBJECT_CONVERSION = YES_AGGRESSIVE;
				CLANG_CXX_LANGUAGE_STANDARD = "gnu++20";
				CLANG_ENABLE_MODULES = YES;
				CLANG_ENABLE_OBJC_ARC = YES;
				CLANG_ENABLE_OBJC_WEAK = YES;
				CLANG_WARN_BLOCK_CAPTURE_AUTORELEASING = YES;
				CLANG_WARN_BOOL_CONVERSION = YES;
				CLANG_WARN_COMMA = YES;
				CLANG_WARN_CONSTANT_CONVERSION = YES;
				CLANG_WARN_DEPRECATED_OBJC_IMPLEMENTATIONS = YES;
				CLANG_WARN_DIRECT_OBJC_ISA_USAGE = YES_ERROR;
				CLANG_WARN_DOCUMENTATION_COMMENTS = YES;
				CLANG_WARN_EMPTY_BODY = YES;
				CLANG_WARN_ENUM_CONVERSION = YES;
				CLANG_WARN_INFINITE_RECURSION = YES;
				CLANG_WARN_INT_CONVERSION = YES;
				CLANG_WARN_NON_LITERAL_NULL_CONVERSION = YES;
				CLANG_WARN_OBJC_IMPLICIT_RETAIN_SELF = YES;
				CLANG_WARN_OBJC_LITERAL_CONVERSION = YES;
				CLANG_WARN_OBJC_ROOT_CLASS = YES_ERROR;
				CLANG_WARN_QUOTED_INCLUDE_IN_FRAMEWORK_HEADER = YES;
				CLANG_WARN_RANGE_LOOP_ANALYSIS = YES;
				CLANG_WARN_STRICT_PROTOTYPES = YES;
				CLANG_WARN_SUSPICIOUS_MOVE = YES;
				CLANG_WARN_UNGUARDED_AVAILABILITY = YES_AGGRESSIVE;
				CLANG_WARN_UNREACHABLE_CODE = YES;
				CLANG_WARN__DUPLICATE_METHOD_MATCH = YES;
				COPY_PHASE_STRIP = NO;
				DEBUG_INFORMATION_FORMAT = dwarf;
				ENABLE_STRICT_OBJC_MSGSEND = YES;
				ENABLE_TESTABILITY = YES;
				ENABLE_USER_SCRIPT_SANDBOXING = YES;
				GCC_C_LANGUAGE_STANDARD = gnu17;
				GCC_DYNAMIC_NO_PIC = NO;
				GCC_NO_COMMON_BLOCKS = YES;
				GCC_OPTIMIZATION_LEVEL = 0;
				GCC_PREPROCESSOR_DEFINITIONS = (
					"DEBUG=1",
					"$(inherited)",
				);
				GCC_WARN_64_TO_32_BIT_CONVERSION = YES;
				GCC_WARN_ABOUT_RETURN_TYPE = YES_ERROR;
				GCC_WARN_UNDECLARED_SELECTOR = YES;
				GCC_WARN_UNINITIALIZED_AUTOS = YES_AGGRESSIVE;
				GCC_WARN_UNUSED_FUNCTION = YES;
				GCC_WARN_UNUSED_VARIABLE = YES;
				LOCALIZATION_PREFERS_STRING_CATALOGS = YES;
				MACOSX_DEPLOYMENT_TARGET = 12.0;
				MTL_ENABLE_DEBUG_INFO = INCLUDE_SOURCE;
				MTL_FAST_MATH = YES;
				ONLY_ACTIVE_ARCH = YES;
				SDKROOT = macosx;
				SWIFT_ACTIVE_COMPILATION_CONDITIONS = "DEBUG $(inherited)";
				SWIFT_OPTIMIZATION_LEVEL = "-Onone";
			};
			name = Debug;
		};
		F10A1B392C8B3E5100123456 /* Release */ = {
			isa = XCBuildConfiguration;
			buildSettings = {
				ALWAYS_SEARCH_USER_PATHS = NO;
				ASSETCATALOG_COMPILER_GENERATE_SWIFT_ASSET_SYMBOL_EXTENSIONS = YES;
				CLANG_ANALYZER_NONNULL = YES;
				CLANG_ANALYZER_NUMBER_OBJECT_CONVERSION = YES_AGGRESSIVE;
				CLANG_CXX_LANGUAGE_STANDARD = "gnu++20";
				CLANG_ENABLE_MODULES = YES;
				CLANG_ENABLE_OBJC_ARC = YES;
				CLANG_ENABLE_OBJC_WEAK = YES;
				CLANG_WARN_BLOCK_CAPTURE_AUTORELEASING = YES;
				CLANG_WARN_BOOL_CONVERSION = YES;
				CLANG_WARN_COMMA = YES;
				CLANG_WARN_CONSTANT_CONVERSION = YES;
				CLANG_WARN_DEPRECATED_OBJC_IMPLEMENTATIONS = YES;
				CLANG_WARN_DIRECT_OBJC_ISA_USAGE = YES_ERROR;
				CLANG_WARN_DOCUMENTATION_COMMENTS = YES;
				CLANG_WARN_EMPTY_BODY = YES;
				CLANG_WARN_ENUM_CONVERSION = YES;
				CLANG_WARN_INFINITE_RECURSION = YES;
				CLANG_WARN_INT_CONVERSION = YES;
				CLANG_WARN_NON_LITERAL_NULL_CONVERSION = YES;
				CLANG_WARN_OBJC_IMPLICIT_RETAIN_SELF = YES;
				CLANG_WARN_OBJC_LITERAL_CONVERSION = YES;
				CLANG_WARN_OBJC_ROOT_CLASS = YES_ERROR;
				CLANG_WARN_QUOTED_INCLUDE_IN_FRAMEWORK_HEADER = YES;
				CLANG_WARN_RANGE_LOOP_ANALYSIS = YES;
				CLANG_WARN_STRICT_PROTOTYPES = YES;
				CLANG_WARN_SUSPICIOUS_MOVE = YES;
				CLANG_WARN_UNGUARDED_AVAILABILITY = YES_AGGRESSIVE;
				CLANG_WARN_UNREACHABLE_CODE = YES;
				CLANG_WARN__DUPLICATE_METHOD_MATCH = YES;
				COPY_PHASE_STRIP = NO;
				DEBUG_INFORMATION_FORMAT = "dwarf-with-dsym";
				ENABLE_NS_ASSERTIONS = NO;
				ENABLE_STRICT_OBJC_MSGSEND = YES;
				ENABLE_USER_SCRIPT_SANDBOXING = YES;
				GCC_C_LANGUAGE_STANDARD = gnu17;
				GCC_NO_COMMON_BLOCKS = YES;
				GCC_WARN_64_TO_32_BIT_CONVERSION = YES;
				GCC_WARN_ABOUT_RETURN_TYPE = YES_ERROR;
				GCC_WARN_UNDECLARED_SELECTOR = YES;
				GCC_WARN_UNINITIALIZED_AUTOS = YES_AGGRESSIVE;
				GCC_WARN_UNUSED_FUNCTION = YES;
				GCC_WARN_UNUSED_VARIABLE = YES;
				LOCALIZATION_PREFERS_STRING_CATALOGS = YES;
				MACOSX_DEPLOYMENT_TARGET = 12.0;
				MTL_ENABLE_DEBUG_INFO = NO;
				MTL_FAST_MATH = YES;
				SDKROOT = macosx;
				SWIFT_COMPILATION_MODE = wholemodule;
			};
			name = Release;
		};
		F10A1B3B2C8B3E5100123456 /* Debug */ = {
			isa = XCBuildConfiguration;
			buildSettings = {
				ASSETCATALOG_COMPILER_APPICON_NAME = AppIcon;
				ASSETCATALOG_COMPILER_GLOBAL_ACCENT_COLOR_NAME = AccentColor;
				CODE_SIGN_ENTITLEMENTS = SmartMockupCreator/SmartMockupCreator.entitlements;
				CODE_SIGN_STYLE = Automatic;
				COMBINE_HIDPI_IMAGES = YES;
				CURRENT_PROJECT_VERSION = 1;
				DEVELOPMENT_ASSET_PATHS = "\"SmartMockupCreator/Preview Content\"";
				ENABLE_PREVIEWS = YES;
				GENERATE_INFOPLIST_FILE = YES;
				INFOPLIST_KEY_NSHumanReadableCopyright = "";
				LD_RUNPATH_SEARCH_PATHS = (
					"$(inherited)",
					"@executable_path/../Frameworks",
				);
				MARKETING_VERSION = 1.0;
				PRODUCT_BUNDLE_IDENTIFIER = com.smartmockup.creator;
				PRODUCT_NAME = "$(TARGET_NAME)";
				SWIFT_EMIT_LOC_STRINGS = YES;
				SWIFT_VERSION = 5.0;
			};
			name = Debug;
		};
		F10A1B3C2C8B3E5100123456 /* Release */ = {
			isa = XCBuildConfiguration;
			buildSettings = {
				ASSETCATALOG_COMPILER_APPICON_NAME = AppIcon;
				ASSETCATALOG_COMPILER_GLOBAL_ACCENT_COLOR_NAME = AccentColor;
				CODE_SIGN_ENTITLEMENTS = SmartMockupCreator/SmartMockupCreator.entitlements;
				CODE_SIGN_STYLE = Automatic;
				COMBINE_HIDPI_IMAGES = YES;
				CURRENT_PROJECT_VERSION = 1;
				DEVELOPMENT_ASSET_PATHS = "\"SmartMockupCreator/Preview Content\"";
				ENABLE_PREVIEWS = YES;
				GENERATE_INFOPLIST_FILE = YES;
				INFOPLIST_KEY_NSHumanReadableCopyright = "";
				LD_RUNPATH_SEARCH_PATHS = (
					"$(inherited)",
					"@executable_path/../Frameworks",
				);
				MARKETING_VERSION = 1.0;
				PRODUCT_BUNDLE_IDENTIFIER = com.smartmockup.creator;
				PRODUCT_NAME = "$(TARGET_NAME)";
				SWIFT_EMIT_LOC_STRINGS = YES;
				SWIFT_VERSION = 5.0;
			};
			name = Release;
		};
/* End XCBuildConfiguration section */

/* Begin XCConfigurationList section */
		F10A1B262C8B3E4F00123456 /* Build configuration list for PBXProject "SmartMockupCreator" */ = {
			isa = XCConfigurationList;
			buildConfigurations = (
				F10A1B382C8B3E5100123456 /* Debug */,
				F10A1B392C8B3E5100123456 /* Release */,
			);
			defaultConfigurationIsVisible = 0;
			defaultConfigurationName = Release;
		};
		F10A1B3A2C8B3E5100123456 /* Build configuration list for PBXNativeTarget "SmartMockupCreator" */ = {
			isa = XCConfigurationList;
			buildConfigurations = (
				F10A1B3B2C8B3E5100123456 /* Debug */,
				F10A1B3C2C8B3E5100123456 /* Release */,
			);
			defaultConfigurationIsVisible = 0;
			defaultConfigurationName = Release;
		};
/* End XCConfigurationList section */
	};
	rootObject = F10A1B232C8B3E4F00123456 /* Project object */;
}
